
Microsoft Visual Studio Solution File, Format Version 12.00
Project("{FAE04EC0-301F-11D3-BF4B-00C04F79EFBC}") = "MOIT151.Web", "MOIT151.Web\MOIT151.Web.csproj", "{13DC7DE3-84FB-4794-A763-9F7AC12131DD}"
EndProject
Project("{FAE04EC0-301F-11D3-BF4B-00C04F79EFBC}") = "MOIT151.Application", "MOIT151.Application\MOIT151.Application.csproj", "{2034010D-BBDA-486C-8FDE-14896BCE6562}"
EndProject
Project("{FAE04EC0-301F-11D3-BF4B-00C04F79EFBC}") = "MOIT151.Core", "MOIT151.Core\MOIT151.Core.csproj", "{1E4A0F6D-6402-4383-8356-A4B87808B3F8}"
EndProject
Project("{FAE04EC0-301F-11D3-BF4B-00C04F79EFBC}") = "MOIT151.Infrastructure", "MOIT151.Infrastructure\MOIT151.Infrastructure.csproj", "{9B67BF90-6FA0-4E43-8DC7-E1816675A73D}"
EndProject
Project("{FAE04EC0-301F-11D3-BF4B-00C04F79EFBC}") = "MOIT151.Mobile", "MOIT151.Mobile\MOIT151.Mobile.csproj", "{65F45541-3680-4EB3-B83E-87C42A514631}"
EndProject
Global
	GlobalSection(SolutionConfigurationPlatforms) = preSolution
		Debug|Any CPU = Debug|Any CPU
		Debug|x64 = Debug|x64
		Debug|x86 = Debug|x86
		Release|Any CPU = Release|Any CPU
		Release|x64 = Release|x64
		Release|x86 = Release|x86
	EndGlobalSection
	GlobalSection(ProjectConfigurationPlatforms) = postSolution
		{13DC7DE3-84FB-4794-A763-9F7AC12131DD}.Debug|Any CPU.ActiveCfg = Debug|Any CPU
		{13DC7DE3-84FB-4794-A763-9F7AC12131DD}.Debug|Any CPU.Build.0 = Debug|Any CPU
		{13DC7DE3-84FB-4794-A763-9F7AC12131DD}.Debug|x64.ActiveCfg = Debug|Any CPU
		{13DC7DE3-84FB-4794-A763-9F7AC12131DD}.Debug|x64.Build.0 = Debug|Any CPU
		{13DC7DE3-84FB-4794-A763-9F7AC12131DD}.Debug|x86.ActiveCfg = Debug|Any CPU
		{13DC7DE3-84FB-4794-A763-9F7AC12131DD}.Debug|x86.Build.0 = Debug|Any CPU
		{13DC7DE3-84FB-4794-A763-9F7AC12131DD}.Release|Any CPU.ActiveCfg = Release|Any CPU
		{13DC7DE3-84FB-4794-A763-9F7AC12131DD}.Release|Any CPU.Build.0 = Release|Any CPU
		{13DC7DE3-84FB-4794-A763-9F7AC12131DD}.Release|x64.ActiveCfg = Release|Any CPU
		{13DC7DE3-84FB-4794-A763-9F7AC12131DD}.Release|x64.Build.0 = Release|Any CPU
		{13DC7DE3-84FB-4794-A763-9F7AC12131DD}.Release|x86.ActiveCfg = Release|Any CPU
		{13DC7DE3-84FB-4794-A763-9F7AC12131DD}.Release|x86.Build.0 = Release|Any CPU
		{2034010D-BBDA-486C-8FDE-14896BCE6562}.Debug|Any CPU.ActiveCfg = Debug|Any CPU
		{2034010D-BBDA-486C-8FDE-14896BCE6562}.Debug|Any CPU.Build.0 = Debug|Any CPU
		{2034010D-BBDA-486C-8FDE-14896BCE6562}.Debug|x64.ActiveCfg = Debug|Any CPU
		{2034010D-BBDA-486C-8FDE-14896BCE6562}.Debug|x64.Build.0 = Debug|Any CPU
		{2034010D-BBDA-486C-8FDE-14896BCE6562}.Debug|x86.ActiveCfg = Debug|Any CPU
		{2034010D-BBDA-486C-8FDE-14896BCE6562}.Debug|x86.Build.0 = Debug|Any CPU
		{2034010D-BBDA-486C-8FDE-14896BCE6562}.Release|Any CPU.ActiveCfg = Release|Any CPU
		{2034010D-BBDA-486C-8FDE-14896BCE6562}.Release|Any CPU.Build.0 = Release|Any CPU
		{2034010D-BBDA-486C-8FDE-14896BCE6562}.Release|x64.ActiveCfg = Release|Any CPU
		{2034010D-BBDA-486C-8FDE-14896BCE6562}.Release|x64.Build.0 = Release|Any CPU
		{2034010D-BBDA-486C-8FDE-14896BCE6562}.Release|x86.ActiveCfg = Release|Any CPU
		{2034010D-BBDA-486C-8FDE-14896BCE6562}.Release|x86.Build.0 = Release|Any CPU
		{1E4A0F6D-6402-4383-8356-A4B87808B3F8}.Debug|Any CPU.ActiveCfg = Debug|Any CPU
		{1E4A0F6D-6402-4383-8356-A4B87808B3F8}.Debug|Any CPU.Build.0 = Debug|Any CPU
		{1E4A0F6D-6402-4383-8356-A4B87808B3F8}.Debug|x64.ActiveCfg = Debug|Any CPU
		{1E4A0F6D-6402-4383-8356-A4B87808B3F8}.Debug|x64.Build.0 = Debug|Any CPU
		{1E4A0F6D-6402-4383-8356-A4B87808B3F8}.Debug|x86.ActiveCfg = Debug|Any CPU
		{1E4A0F6D-6402-4383-8356-A4B87808B3F8}.Debug|x86.Build.0 = Debug|Any CPU
		{1E4A0F6D-6402-4383-8356-A4B87808B3F8}.Release|Any CPU.ActiveCfg = Release|Any CPU
		{1E4A0F6D-6402-4383-8356-A4B87808B3F8}.Release|Any CPU.Build.0 = Release|Any CPU
		{1E4A0F6D-6402-4383-8356-A4B87808B3F8}.Release|x64.ActiveCfg = Release|Any CPU
		{1E4A0F6D-6402-4383-8356-A4B87808B3F8}.Release|x64.Build.0 = Release|Any CPU
		{1E4A0F6D-6402-4383-8356-A4B87808B3F8}.Release|x86.ActiveCfg = Release|Any CPU
		{1E4A0F6D-6402-4383-8356-A4B87808B3F8}.Release|x86.Build.0 = Release|Any CPU
		{9B67BF90-6FA0-4E43-8DC7-E1816675A73D}.Debug|Any CPU.ActiveCfg = Debug|Any CPU
		{9B67BF90-6FA0-4E43-8DC7-E1816675A73D}.Debug|Any CPU.Build.0 = Debug|Any CPU
		{9B67BF90-6FA0-4E43-8DC7-E1816675A73D}.Debug|x64.ActiveCfg = Debug|Any CPU
		{9B67BF90-6FA0-4E43-8DC7-E1816675A73D}.Debug|x64.Build.0 = Debug|Any CPU
		{9B67BF90-6FA0-4E43-8DC7-E1816675A73D}.Debug|x86.ActiveCfg = Debug|Any CPU
		{9B67BF90-6FA0-4E43-8DC7-E1816675A73D}.Debug|x86.Build.0 = Debug|Any CPU
		{9B67BF90-6FA0-4E43-8DC7-E1816675A73D}.Release|Any CPU.ActiveCfg = Release|Any CPU
		{9B67BF90-6FA0-4E43-8DC7-E1816675A73D}.Release|Any CPU.Build.0 = Release|Any CPU
		{9B67BF90-6FA0-4E43-8DC7-E1816675A73D}.Release|x64.ActiveCfg = Release|Any CPU
		{9B67BF90-6FA0-4E43-8DC7-E1816675A73D}.Release|x64.Build.0 = Release|Any CPU
		{9B67BF90-6FA0-4E43-8DC7-E1816675A73D}.Release|x86.ActiveCfg = Release|Any CPU
		{9B67BF90-6FA0-4E43-8DC7-E1816675A73D}.Release|x86.Build.0 = Release|Any CPU
		{65F45541-3680-4EB3-B83E-87C42A514631}.Debug|Any CPU.ActiveCfg = Debug|Any CPU
		{65F45541-3680-4EB3-B83E-87C42A514631}.Debug|Any CPU.Build.0 = Debug|Any CPU
		{65F45541-3680-4EB3-B83E-87C42A514631}.Debug|x64.ActiveCfg = Debug|Any CPU
		{65F45541-3680-4EB3-B83E-87C42A514631}.Debug|x64.Build.0 = Debug|Any CPU
		{65F45541-3680-4EB3-B83E-87C42A514631}.Debug|x86.ActiveCfg = Debug|Any CPU
		{65F45541-3680-4EB3-B83E-87C42A514631}.Debug|x86.Build.0 = Debug|Any CPU
		{65F45541-3680-4EB3-B83E-87C42A514631}.Release|Any CPU.ActiveCfg = Release|Any CPU
		{65F45541-3680-4EB3-B83E-87C42A514631}.Release|Any CPU.Build.0 = Release|Any CPU
		{65F45541-3680-4EB3-B83E-87C42A514631}.Release|x64.ActiveCfg = Release|Any CPU
		{65F45541-3680-4EB3-B83E-87C42A514631}.Release|x64.Build.0 = Release|Any CPU
		{65F45541-3680-4EB3-B83E-87C42A514631}.Release|x86.ActiveCfg = Release|Any CPU
		{65F45541-3680-4EB3-B83E-87C42A514631}.Release|x86.Build.0 = Release|Any CPU
	EndGlobalSection
	GlobalSection(SolutionProperties) = preSolution
		HideSolutionNode = FALSE
	EndGlobalSection
EndGlobal
